
Microsoft Visual Studio Solution File, Format Version 10.00
# Visual Studio 2008
Project("{FAE04EC0-301F-11D3-BF4B-00C04F79EFBC}") = "NoRMDriverDemo", "NoRMDriverDemo\NoRMDriverDemo.csproj", "{6EEBAEE4-B33E-4F41-8D7B-FAEB8850BA14}"
EndProject
Project("{FAE04EC0-301F-11D3-BF4B-00C04F79EFBC}") = "MongoCSharpDriverDemo", "MongoCSharpDriverDemo\MongoCSharpDriverDemo.csproj", "{A3B4E04B-0E2A-40E6-8B92-1634721CE78A}"
EndProject
Project("{FAE04EC0-301F-11D3-BF4B-00C04F79EFBC}") = "LinqDemo", "LinqDemo\LinqDemo.csproj", "{F98D7409-C452-429A-BF09-C66E4382DB1C}"
EndProject
Project("{FAE04EC0-301F-11D3-BF4B-00C04F79EFBC}") = "SupportedMongoDbCSharpDriverDemo", "SupportedMongoDbCSharpDriverDemo\SupportedMongoDbCSharpDriverDemo.csproj", "{F6162D67-EDA3-4EDD-800B-D4EB6F8A49A0}"
EndProject
Global
	GlobalSection(SolutionConfigurationPlatforms) = preSolution
		Debug|Any CPU = Debug|Any CPU
		Release|Any CPU = Release|Any CPU
	EndGlobalSection
	GlobalSection(ProjectConfigurationPlatforms) = postSolution
		{6EEBAEE4-B33E-4F41-8D7B-FAEB8850BA14}.Debug|Any CPU.ActiveCfg = Debug|Any CPU
		{6EEBAEE4-B33E-4F41-8D7B-FAEB8850BA14}.Debug|Any CPU.Build.0 = Debug|Any CPU
		{6EEBAEE4-B33E-4F41-8D7B-FAEB8850BA14}.Release|Any CPU.ActiveCfg = Release|Any CPU
		{6EEBAEE4-B33E-4F41-8D7B-FAEB8850BA14}.Release|Any CPU.Build.0 = Release|Any CPU
		{A3B4E04B-0E2A-40E6-8B92-1634721CE78A}.Debug|Any CPU.ActiveCfg = Debug|Any CPU
		{A3B4E04B-0E2A-40E6-8B92-1634721CE78A}.Debug|Any CPU.Build.0 = Debug|Any CPU
		{A3B4E04B-0E2A-40E6-8B92-1634721CE78A}.Release|Any CPU.ActiveCfg = Release|Any CPU
		{A3B4E04B-0E2A-40E6-8B92-1634721CE78A}.Release|Any CPU.Build.0 = Release|Any CPU
		{F98D7409-C452-429A-BF09-C66E4382DB1C}.Debug|Any CPU.ActiveCfg = Debug|Any CPU
		{F98D7409-C452-429A-BF09-C66E4382DB1C}.Debug|Any CPU.Build.0 = Debug|Any CPU
		{F98D7409-C452-429A-BF09-C66E4382DB1C}.Release|Any CPU.ActiveCfg = Release|Any CPU
		{F98D7409-C452-429A-BF09-C66E4382DB1C}.Release|Any CPU.Build.0 = Release|Any CPU
		{F6162D67-EDA3-4EDD-800B-D4EB6F8A49A0}.Debug|Any CPU.ActiveCfg = Debug|Any CPU
		{F6162D67-EDA3-4EDD-800B-D4EB6F8A49A0}.Debug|Any CPU.Build.0 = Debug|Any CPU
		{F6162D67-EDA3-4EDD-800B-D4EB6F8A49A0}.Release|Any CPU.ActiveCfg = Release|Any CPU
		{F6162D67-EDA3-4EDD-800B-D4EB6F8A49A0}.Release|Any CPU.Build.0 = Release|Any CPU
	EndGlobalSection
	GlobalSection(SolutionProperties) = preSolution
		HideSolutionNode = FALSE
	EndGlobalSection
EndGlobal
